PODS:
  - FBSnapshotTestCase (2.0.7):
    - FBSnapshotTestCase/SwiftSupport (= 2.0.7)
  - FBSnapshotTestCase/Core (2.0.7)
  - FBSnapshotTestCase/SwiftSupport (2.0.7):
    - FBSnapshotTestCase/Core
  - ZFCycleProgressViewLib (0.1.0)

DEPENDENCIES:
  - FBSnapshotTestCase
  - ZFCycleProgressViewLib (from `../`)

EXTERNAL SOURCES:
  ZFCycleProgressViewLib:
    :path: ../

SPEC CHECKSUMS:
  FBSnapshotTestCase: 7e85180d0d141a0cf472352edda7e80d7eaeb547
  ZFCycleProgressViewLib: 2a64fe7b72076c6e8e9cfbe9062202debd2082eb

COCOAPODS: 0.39.0
